{
  "name": "parallel-exec",
  "version": "1.1.0",
  "lockfileVersion": 3,
  "requires": true,
  "packages": {
    "": {
      "name": "parallel-exec",
      "version": "1.1.0",
      "license": "MIT",
      "dependencies": {
        "anstyle": "^2.0.3"
      },
      "bin": {
        "parallel": "src/main.js"
      },
      "devDependencies": {},
      "engines": {
        "node": ">=16"
      }
    },
    "node_modules/anstyle": {
      "version": "2.0.3",
      "resolved": "https://registry.npmjs.org/anstyle/-/anstyle-2.0.3.tgz",
      "integrity": "sha512-597QcsXOMROpbs7S2up/wriGLppyPhw7m4Z8Z2j44Ur09YgKCe6v8DdCasNwql0rn6Wz07I6DLeeB6h0hoCsOw==",
      "engines": {
        "node": ">=16"
      }
    }
  }
}
